
Microsoft Visual Studio Solution File, Format Version 12.00
# Visual Studio 15
VisualStudioVersion = 15.0.28307.271
MinimumVisualStudioVersion = 10.0.40219.1
Project("{8BC9CEB8-8B4A-11D0-8D11-00A0C91BC942}") = "day7", "day7.vcxproj", "{7B104079-F336-4330-A576-E4AAA7DB5704}"
EndProject
Global
	GlobalSection(SolutionConfigurationPlatforms) = preSolution
		Debug|x64 = Debug|x64
		Debug|x86 = Debug|x86
		Release|x64 = Release|x64
		Release|x86 = Release|x86
	EndGlobalSection
	GlobalSection(ProjectConfigurationPlatforms) = postSolution
		{7B104079-F336-4330-A576-E4AAA7DB5704}.Debug|x64.ActiveCfg = Debug|x64
		{7B104079-F336-4330-A576-E4AAA7DB5704}.Debug|x64.Build.0 = Debug|x64
		{7B104079-F336-4330-A576-E4AAA7DB5704}.Debug|x86.ActiveCfg = Debug|Win32
		{7B104079-F336-4330-A576-E4AAA7DB5704}.Debug|x86.Build.0 = Debug|Win32
		{7B104079-F336-4330-A576-E4AAA7DB5704}.Release|x64.ActiveCfg = Release|x64
		{7B104079-F336-4330-A576-E4AAA7DB5704}.Release|x64.Build.0 = Release|x64
		{7B104079-F336-4330-A576-E4AAA7DB5704}.Release|x86.ActiveCfg = Release|Win32
		{7B104079-F336-4330-A576-E4AAA7DB5704}.Release|x86.Build.0 = Release|Win32
	EndGlobalSection
	GlobalSection(SolutionProperties) = preSolution
		HideSolutionNode = FALSE
	EndGlobalSection
	GlobalSection(ExtensibilityGlobals) = postSolution
		SolutionGuid = {12479799-A33B-448D-A83E-9A00F96933CE}
	EndGlobalSection
EndGlobal
