
Microsoft Visual Studio Solution File, Format Version 12.00
# Visual Studio 15
VisualStudioVersion = 15.0.28307.271
MinimumVisualStudioVersion = 10.0.40219.1
Project("{8BC9CEB8-8B4A-11D0-8D11-00A0C91BC942}") = "day6", "day6.vcxproj", "{5850BA30-273F-41CF-8BCE-86B5A3383A5A}"
EndProject
Global
	GlobalSection(SolutionConfigurationPlatforms) = preSolution
		Debug|x64 = Debug|x64
		Debug|x86 = Debug|x86
		Release|x64 = Release|x64
		Release|x86 = Release|x86
	EndGlobalSection
	GlobalSection(ProjectConfigurationPlatforms) = postSolution
		{5850BA30-273F-41CF-8BCE-86B5A3383A5A}.Debug|x64.ActiveCfg = Debug|x64
		{5850BA30-273F-41CF-8BCE-86B5A3383A5A}.Debug|x64.Build.0 = Debug|x64
		{5850BA30-273F-41CF-8BCE-86B5A3383A5A}.Debug|x86.ActiveCfg = Debug|Win32
		{5850BA30-273F-41CF-8BCE-86B5A3383A5A}.Debug|x86.Build.0 = Debug|Win32
		{5850BA30-273F-41CF-8BCE-86B5A3383A5A}.Release|x64.ActiveCfg = Release|x64
		{5850BA30-273F-41CF-8BCE-86B5A3383A5A}.Release|x64.Build.0 = Release|x64
		{5850BA30-273F-41CF-8BCE-86B5A3383A5A}.Release|x86.ActiveCfg = Release|Win32
		{5850BA30-273F-41CF-8BCE-86B5A3383A5A}.Release|x86.Build.0 = Release|Win32
	EndGlobalSection
	GlobalSection(SolutionProperties) = preSolution
		HideSolutionNode = FALSE
	EndGlobalSection
	GlobalSection(ExtensibilityGlobals) = postSolution
		SolutionGuid = {429ED120-51CD-4031-999F-0DDFF776A989}
	EndGlobalSection
EndGlobal
