
Microsoft Visual Studio Solution File, Format Version 12.00
# Visual Studio 15
VisualStudioVersion = 15.0.28307.271
MinimumVisualStudioVersion = 10.0.40219.1
Project("{8BC9CEB8-8B4A-11D0-8D11-00A0C91BC942}") = "day11_nigu_cumula", "day11_nigu_cumula.vcxproj", "{419A5E87-D426-4823-B617-A5A47D60067E}"
EndProject
Global
	GlobalSection(SolutionConfigurationPlatforms) = preSolution
		Debug|x64 = Debug|x64
		Debug|x86 = Debug|x86
		Release|x64 = Release|x64
		Release|x86 = Release|x86
	EndGlobalSection
	GlobalSection(ProjectConfigurationPlatforms) = postSolution
		{419A5E87-D426-4823-B617-A5A47D60067E}.Debug|x64.ActiveCfg = Debug|x64
		{419A5E87-D426-4823-B617-A5A47D60067E}.Debug|x64.Build.0 = Debug|x64
		{419A5E87-D426-4823-B617-A5A47D60067E}.Debug|x86.ActiveCfg = Debug|Win32
		{419A5E87-D426-4823-B617-A5A47D60067E}.Debug|x86.Build.0 = Debug|Win32
		{419A5E87-D426-4823-B617-A5A47D60067E}.Release|x64.ActiveCfg = Release|x64
		{419A5E87-D426-4823-B617-A5A47D60067E}.Release|x64.Build.0 = Release|x64
		{419A5E87-D426-4823-B617-A5A47D60067E}.Release|x86.ActiveCfg = Release|Win32
		{419A5E87-D426-4823-B617-A5A47D60067E}.Release|x86.Build.0 = Release|Win32
	EndGlobalSection
	GlobalSection(SolutionProperties) = preSolution
		HideSolutionNode = FALSE
	EndGlobalSection
	GlobalSection(ExtensibilityGlobals) = postSolution
		SolutionGuid = {6FC0E5C1-1E86-4F89-BC9A-585349235DEB}
	EndGlobalSection
EndGlobal
